
Microsoft Visual Studio Solution File, Format Version 12.00
# Visual Studio Version 17
VisualStudioVersion = 17.14.36518.9 d17.14
MinimumVisualStudioVersion = 10.0.40219.1
Project("{FAE04EC0-301F-11D3-BF4B-00C04F79EFBC}") = "Account_Notification", "Account_Notification\Account_Notification.csproj", "{E7B0CE2A-47B5-4D56-BD16-80B96F3D7606}"
EndProject
Project("{FAE04EC0-301F-11D3-BF4B-00C04F79EFBC}") = "two_notifiers", "..\two_notifiers\two_notifiers.csproj", "{ED34A7FB-F414-41CA-ABB9-50C857AFB87F}"
EndProject
Global
	GlobalSection(SolutionConfigurationPlatforms) = preSolution
		Debug|Any CPU = Debug|Any CPU
		Release|Any CPU = Release|Any CPU
	EndGlobalSection
	GlobalSection(ProjectConfigurationPlatforms) = postSolution
		{E7B0CE2A-47B5-4D56-BD16-80B96F3D7606}.Debug|Any CPU.ActiveCfg = Debug|Any CPU
		{E7B0CE2A-47B5-4D56-BD16-80B96F3D7606}.Debug|Any CPU.Build.0 = Debug|Any CPU
		{E7B0CE2A-47B5-4D56-BD16-80B96F3D7606}.Release|Any CPU.ActiveCfg = Release|Any CPU
		{E7B0CE2A-47B5-4D56-BD16-80B96F3D7606}.Release|Any CPU.Build.0 = Release|Any CPU
		{ED34A7FB-F414-41CA-ABB9-50C857AFB87F}.Debug|Any CPU.ActiveCfg = Debug|Any CPU
		{ED34A7FB-F414-41CA-ABB9-50C857AFB87F}.Debug|Any CPU.Build.0 = Debug|Any CPU
		{ED34A7FB-F414-41CA-ABB9-50C857AFB87F}.Release|Any CPU.ActiveCfg = Release|Any CPU
		{ED34A7FB-F414-41CA-ABB9-50C857AFB87F}.Release|Any CPU.Build.0 = Release|Any CPU
	EndGlobalSection
	GlobalSection(SolutionProperties) = preSolution
		HideSolutionNode = FALSE
	EndGlobalSection
	GlobalSection(ExtensibilityGlobals) = postSolution
		SolutionGuid = {30EE75C2-8149-4560-BF8C-A899CD1025A1}
	EndGlobalSection
EndGlobal
