
Microsoft Visual Studio Solution File, Format Version 12.00
# Visual Studio Version 17
VisualStudioVersion = 17.14.36127.28
MinimumVisualStudioVersion = 10.0.40219.1
Project("{FAE04EC0-301F-11D3-BF4B-00C04F79EFBC}") = "Account_Class", "Account_Class.csproj", "{1C977AB0-C53D-BDD1-61C9-D7BEC1B91504}"
EndProject
Project("{FAE04EC0-301F-11D3-BF4B-00C04F79EFBC}") = "list_all_directories", "..\list_all_directories\list_all_directories.csproj", "{235D2434-A0FF-410D-A083-226116869974}"
EndProject
Global
	GlobalSection(SolutionConfigurationPlatforms) = preSolution
		Debug|Any CPU = Debug|Any CPU
		Release|Any CPU = Release|Any CPU
	EndGlobalSection
	GlobalSection(ProjectConfigurationPlatforms) = postSolution
		{1C977AB0-C53D-BDD1-61C9-D7BEC1B91504}.Debug|Any CPU.ActiveCfg = Debug|Any CPU
		{1C977AB0-C53D-BDD1-61C9-D7BEC1B91504}.Debug|Any CPU.Build.0 = Debug|Any CPU
		{1C977AB0-C53D-BDD1-61C9-D7BEC1B91504}.Release|Any CPU.ActiveCfg = Release|Any CPU
		{1C977AB0-C53D-BDD1-61C9-D7BEC1B91504}.Release|Any CPU.Build.0 = Release|Any CPU
		{235D2434-A0FF-410D-A083-226116869974}.Debug|Any CPU.ActiveCfg = Debug|Any CPU
		{235D2434-A0FF-410D-A083-226116869974}.Debug|Any CPU.Build.0 = Debug|Any CPU
		{235D2434-A0FF-410D-A083-226116869974}.Release|Any CPU.ActiveCfg = Release|Any CPU
		{235D2434-A0FF-410D-A083-226116869974}.Release|Any CPU.Build.0 = Release|Any CPU
	EndGlobalSection
	GlobalSection(SolutionProperties) = preSolution
		HideSolutionNode = FALSE
	EndGlobalSection
	GlobalSection(ExtensibilityGlobals) = postSolution
		SolutionGuid = {D8CDB7A0-31DE-41C9-A7D7-F6F01E284934}
	EndGlobalSection
EndGlobal
